// !$*UTF8*$!
{
	archiveVersion = 1;
	classes = {
	};
	objectVersion = 56;
	objects = {

/* Begin PBXBuildFile section */
		7801D3AE2B6C92CA006E81FE /* ActivitySelection.swift in Sources */ = {isa = PBXBuildFile; fileRef = 7801D3AD2B6C92CA006E81FE /* ActivitySelection.swift */; };
		7801D3B32B6C9871006E81FE /* Algorithms in Frameworks */ = {isa = PBXBuildFile; productRef = 7801D3B22B6C9871006E81FE /* Algorithms */; };
		7801D3B52B6C9C41006E81FE /* StringExtension.swift in Sources */ = {isa = PBXBuildFile; fileRef = 7801D3B42B6C9C41006E81FE /* StringExtension.swift */; };
		7801D3B72B6DE547006E81FE /* LocationSelection.swift in Sources */ = {isa = PBXBuildFile; fileRef = 7801D3B62B6DE547006E81FE /* LocationSelection.swift */; };
		7801D3E62B7EAFE0006E81FE /* DimensionExtensions.swift in Sources */ = {isa = PBXBuildFile; fileRef = 7801D3E52B7EAFE0006E81FE /* DimensionExtensions.swift */; };
		7801D3E82B7EAFFE006E81FE /* WorkoutAlertExtensions.swift in Sources */ = {isa = PBXBuildFile; fileRef = 7801D3E72B7EAFFE006E81FE /* WorkoutAlertExtensions.swift */; };
		7801D3ED2B7EEAB4006E81FE /* UnitExtensions.swift in Sources */ = {isa = PBXBuildFile; fileRef = 7801D3EC2B7EEAB4006E81FE /* UnitExtensions.swift */; };
		7801D3EF2B7EF1B1006E81FE /* NumberFormatterExtension.swift in Sources */ = {isa = PBXBuildFile; fileRef = 7801D3EE2B7EF1B1006E81FE /* NumberFormatterExtension.swift */; };
		782F77962B805C5F002CDF2A /* CustomWorkoutExtension.swift in Sources */ = {isa = PBXBuildFile; fileRef = 782F77952B805C5F002CDF2A /* CustomWorkoutExtension.swift */; };
		78A965872A9441D500A606A4 /* WorkoutGoalSection.swift in Sources */ = {isa = PBXBuildFile; fileRef = 78A965862A9441D500A606A4 /* WorkoutGoalSection.swift */; };
		78A9658A2A94491000A606A4 /* WorkoutAlertSection.swift in Sources */ = {isa = PBXBuildFile; fileRef = 78A965892A94491000A606A4 /* WorkoutAlertSection.swift */; };
		78A9658C2A946CB700A606A4 /* Functions.swift in Sources */ = {isa = PBXBuildFile; fileRef = 78A9658B2A946CB700A606A4 /* Functions.swift */; };
		78B1E5802A46B30C00F17999 /* HKWorkoutActivityType.swift in Sources */ = {isa = PBXBuildFile; fileRef = 78B1E57F2A46B30C00F17999 /* HKWorkoutActivityType.swift */; };
		78B1E5822A46B8BF00F17999 /* HKWorkoutSessionLocationType.swift in Sources */ = {isa = PBXBuildFile; fileRef = 78B1E5812A46B8BF00F17999 /* HKWorkoutSessionLocationType.swift */; };
		78FDA3732A42983600A0EDF3 /* WorkoutBuilderApp.swift in Sources */ = {isa = PBXBuildFile; fileRef = 78FDA3722A42983600A0EDF3 /* WorkoutBuilderApp.swift */; };
		78FDA3752A42983600A0EDF3 /* ContentView.swift in Sources */ = {isa = PBXBuildFile; fileRef = 78FDA3742A42983600A0EDF3 /* ContentView.swift */; };
		78FDA3772A42983700A0EDF3 /* Assets.xcassets in Resources */ = {isa = PBXBuildFile; fileRef = 78FDA3762A42983700A0EDF3 /* Assets.xcassets */; };
		78FDA37A2A42983700A0EDF3 /* Preview Assets.xcassets in Resources */ = {isa = PBXBuildFile; fileRef = 78FDA3792A42983700A0EDF3 /* Preview Assets.xcassets */; };
		78FDA3872A43580700A0EDF3 /* WorkoutStepView.swift in Sources */ = {isa = PBXBuildFile; fileRef = 78FDA3862A43580700A0EDF3 /* WorkoutStepView.swift */; };
		78FDA38E2A435F1500A0EDF3 /* OldIntervalBlockView.swift in Sources */ = {isa = PBXBuildFile; fileRef = 78FDA38D2A435F1500A0EDF3 /* OldIntervalBlockView.swift */; };
		78FDA3902A43BDE200A0EDF3 /* IntervalBlockExtensions.swift in Sources */ = {isa = PBXBuildFile; fileRef = 78FDA38F2A43BDE200A0EDF3 /* IntervalBlockExtensions.swift */; };
		78FDA3932A43C36800A0EDF3 /* BlockStepView.swift in Sources */ = {isa = PBXBuildFile; fileRef = 78FDA3922A43C36800A0EDF3 /* BlockStepView.swift */; };
		78FDA3972A43CB9000A0EDF3 /* IntervalStepExtension.swift in Sources */ = {isa = PBXBuildFile; fileRef = 78FDA3962A43CB9000A0EDF3 /* IntervalStepExtension.swift */; };
		78FDA3992A43CC8100A0EDF3 /* WorkoutGoalExtension.swift in Sources */ = {isa = PBXBuildFile; fileRef = 78FDA3982A43CC8100A0EDF3 /* WorkoutGoalExtension.swift */; };
/* End PBXBuildFile section */

/* Begin PBXFileReference section */
		7801D3AD2B6C92CA006E81FE /* ActivitySelection.swift */ = {isa = PBXFileReference; lastKnownFileType = sourcecode.swift; path = ActivitySelection.swift; sourceTree = "<group>"; };
		7801D3B42B6C9C41006E81FE /* StringExtension.swift */ = {isa = PBXFileReference; lastKnownFileType = sourcecode.swift; path = StringExtension.swift; sourceTree = "<group>"; };
		7801D3B62B6DE547006E81FE /* LocationSelection.swift */ = {isa = PBXFileReference; lastKnownFileType = sourcecode.swift; path = LocationSelection.swift; sourceTree = "<group>"; };
		7801D3E52B7EAFE0006E81FE /* DimensionExtensions.swift */ = {isa = PBXFileReference; lastKnownFileType = sourcecode.swift; path = DimensionExtensions.swift; sourceTree = "<group>"; };
		7801D3E72B7EAFFE006E81FE /* WorkoutAlertExtensions.swift */ = {isa = PBXFileReference; lastKnownFileType = sourcecode.swift; path = WorkoutAlertExtensions.swift; sourceTree = "<group>"; };
		7801D3EC2B7EEAB4006E81FE /* UnitExtensions.swift */ = {isa = PBXFileReference; lastKnownFileType = sourcecode.swift; path = UnitExtensions.swift; sourceTree = "<group>"; };
		7801D3EE2B7EF1B1006E81FE /* NumberFormatterExtension.swift */ = {isa = PBXFileReference; lastKnownFileType = sourcecode.swift; path = NumberFormatterExtension.swift; sourceTree = "<group>"; };
		782F77952B805C5F002CDF2A /* CustomWorkoutExtension.swift */ = {isa = PBXFileReference; lastKnownFileType = sourcecode.swift; path = CustomWorkoutExtension.swift; sourceTree = "<group>"; };
		78A965862A9441D500A606A4 /* WorkoutGoalSection.swift */ = {isa = PBXFileReference; lastKnownFileType = sourcecode.swift; path = WorkoutGoalSection.swift; sourceTree = "<group>"; };
		78A965892A94491000A606A4 /* WorkoutAlertSection.swift */ = {isa = PBXFileReference; lastKnownFileType = sourcecode.swift; path = WorkoutAlertSection.swift; sourceTree = "<group>"; };
		78A9658B2A946CB700A606A4 /* Functions.swift */ = {isa = PBXFileReference; lastKnownFileType = sourcecode.swift; path = Functions.swift; sourceTree = "<group>"; };
		78B1E57F2A46B30C00F17999 /* HKWorkoutActivityType.swift */ = {isa = PBXFileReference; lastKnownFileType = sourcecode.swift; path = HKWorkoutActivityType.swift; sourceTree = "<group>"; };
		78B1E5812A46B8BF00F17999 /* HKWorkoutSessionLocationType.swift */ = {isa = PBXFileReference; lastKnownFileType = sourcecode.swift; path = HKWorkoutSessionLocationType.swift; sourceTree = "<group>"; };
		78FDA36F2A42983600A0EDF3 /* WorkoutBuilder.app */ = {isa = PBXFileReference; explicitFileType = wrapper.application; includeInIndex = 0; path = WorkoutBuilder.app; sourceTree = BUILT_PRODUCTS_DIR; };
		78FDA3722A42983600A0EDF3 /* WorkoutBuilderApp.swift */ = {isa = PBXFileReference; lastKnownFileType = sourcecode.swift; path = WorkoutBuilderApp.swift; sourceTree = "<group>"; };
		78FDA3742A42983600A0EDF3 /* ContentView.swift */ = {isa = PBXFileReference; lastKnownFileType = sourcecode.swift; path = ContentView.swift; sourceTree = "<group>"; };
		78FDA3762A42983700A0EDF3 /* Assets.xcassets */ = {isa = PBXFileReference; lastKnownFileType = folder.assetcatalog; path = Assets.xcassets; sourceTree = "<group>"; };
		78FDA3792A42983700A0EDF3 /* Preview Assets.xcassets */ = {isa = PBXFileReference; lastKnownFileType = folder.assetcatalog; path = "Preview Assets.xcassets"; sourceTree = "<group>"; };
		78FDA3862A43580700A0EDF3 /* WorkoutStepView.swift */ = {isa = PBXFileReference; lastKnownFileType = sourcecode.swift; path = WorkoutStepView.swift; sourceTree = "<group>"; };
		78FDA38D2A435F1500A0EDF3 /* OldIntervalBlockView.swift */ = {isa = PBXFileReference; lastKnownFileType = sourcecode.swift; path = OldIntervalBlockView.swift; sourceTree = "<group>"; };
		78FDA38F2A43BDE200A0EDF3 /* IntervalBlockExtensions.swift */ = {isa = PBXFileReference; lastKnownFileType = sourcecode.swift; path = IntervalBlockExtensions.swift; sourceTree = "<group>"; };
		78FDA3922A43C36800A0EDF3 /* BlockStepView.swift */ = {isa = PBXFileReference; lastKnownFileType = sourcecode.swift; path = BlockStepView.swift; sourceTree = "<group>"; };
		78FDA3962A43CB9000A0EDF3 /* IntervalStepExtension.swift */ = {isa = PBXFileReference; lastKnownFileType = sourcecode.swift; path = IntervalStepExtension.swift; sourceTree = "<group>"; };
		78FDA3982A43CC8100A0EDF3 /* WorkoutGoalExtension.swift */ = {isa = PBXFileReference; lastKnownFileType = sourcecode.swift; path = WorkoutGoalExtension.swift; sourceTree = "<group>"; };
/* End PBXFileReference section */

/* Begin PBXFrameworksBuildPhase section */
		78FDA36C2A42983600A0EDF3 /* Frameworks */ = {
			isa = PBXFrameworksBuildPhase;
			buildActionMask = 2147483647;
			files = (
				7801D3B32B6C9871006E81FE /* Algorithms in Frameworks */,
			);
			runOnlyForDeploymentPostprocessing = 0;
		};
/* End PBXFrameworksBuildPhase section */

/* Begin PBXGroup section */
		7801D3AC2B6C9252006E81FE /* Views */ = {
			isa = PBXGroup;
			children = (
				7801D3AD2B6C92CA006E81FE /* ActivitySelection.swift */,
				7801D3B62B6DE547006E81FE /* LocationSelection.swift */,
			);
			path = Views;
			sourceTree = "<group>";
		};
		78A965852A9441B500A606A4 /* WorkoutGoalSection */ = {
			isa = PBXGroup;
			children = (
				78A965862A9441D500A606A4 /* WorkoutGoalSection.swift */,
			);
			path = WorkoutGoalSection;
			sourceTree = "<group>";
		};
		78A965882A9448FC00A606A4 /* WorkoutAlertSection */ = {
			isa = PBXGroup;
			children = (
				78A965892A94491000A606A4 /* WorkoutAlertSection.swift */,
			);
			path = WorkoutAlertSection;
			sourceTree = "<group>";
		};
		78FDA3662A42983600A0EDF3 = {
			isa = PBXGroup;
			children = (
				78FDA3712A42983600A0EDF3 /* WorkoutBuilder */,
				78FDA3702A42983600A0EDF3 /* Products */,
			);
			sourceTree = "<group>";
		};
		78FDA3702A42983600A0EDF3 /* Products */ = {
			isa = PBXGroup;
			children = (
				78FDA36F2A42983600A0EDF3 /* WorkoutBuilder.app */,
			);
			name = Products;
			sourceTree = "<group>";
		};
		78FDA3712A42983600A0EDF3 /* WorkoutBuilder */ = {
			isa = PBXGroup;
			children = (
				78FDA3722A42983600A0EDF3 /* WorkoutBuilderApp.swift */,
				78FDA3742A42983600A0EDF3 /* ContentView.swift */,
				7801D3AC2B6C9252006E81FE /* Views */,
				78FDA38C2A435F0200A0EDF3 /* IntervalBlock */,
				78FDA3912A43C35800A0EDF3 /* BlockStep */,
				78FDA3892A43583700A0EDF3 /* WorkoutStep */,
				78FDA39A2A43CCFC00A0EDF3 /* Extensions */,
				78FDA39D2A43CEBE00A0EDF3 /* Helpers */,
				78FDA3782A42983700A0EDF3 /* Preview Content */,
				78FDA3762A42983700A0EDF3 /* Assets.xcassets */,
			);
			path = WorkoutBuilder;
			sourceTree = "<group>";
		};
		78FDA3782A42983700A0EDF3 /* Preview Content */ = {
			isa = PBXGroup;
			children = (
				78FDA3792A42983700A0EDF3 /* Preview Assets.xcassets */,
			);
			path = "Preview Content";
			sourceTree = "<group>";
		};
		78FDA3892A43583700A0EDF3 /* WorkoutStep */ = {
			isa = PBXGroup;
			children = (
				78FDA3862A43580700A0EDF3 /* WorkoutStepView.swift */,
				78A965852A9441B500A606A4 /* WorkoutGoalSection */,
				78A965882A9448FC00A606A4 /* WorkoutAlertSection */,
			);
			path = WorkoutStep;
			sourceTree = "<group>";
		};
		78FDA38C2A435F0200A0EDF3 /* IntervalBlock */ = {
			isa = PBXGroup;
			children = (
				78FDA38D2A435F1500A0EDF3 /* OldIntervalBlockView.swift */,
			);
			path = IntervalBlock;
			sourceTree = "<group>";
		};
		78FDA3912A43C35800A0EDF3 /* BlockStep */ = {
			isa = PBXGroup;
			children = (
				78FDA3922A43C36800A0EDF3 /* BlockStepView.swift */,
			);
			path = BlockStep;
			sourceTree = "<group>";
		};
		78FDA39A2A43CCFC00A0EDF3 /* Extensions */ = {
			isa = PBXGroup;
			children = (
				78FDA3962A43CB9000A0EDF3 /* IntervalStepExtension.swift */,
				78FDA38F2A43BDE200A0EDF3 /* IntervalBlockExtensions.swift */,
				78FDA3982A43CC8100A0EDF3 /* WorkoutGoalExtension.swift */,
				78B1E57F2A46B30C00F17999 /* HKWorkoutActivityType.swift */,
				78B1E5812A46B8BF00F17999 /* HKWorkoutSessionLocationType.swift */,
				7801D3B42B6C9C41006E81FE /* StringExtension.swift */,
				7801D3E52B7EAFE0006E81FE /* DimensionExtensions.swift */,
				7801D3E72B7EAFFE006E81FE /* WorkoutAlertExtensions.swift */,
				7801D3EC2B7EEAB4006E81FE /* UnitExtensions.swift */,
				7801D3EE2B7EF1B1006E81FE /* NumberFormatterExtension.swift */,
				782F77952B805C5F002CDF2A /* CustomWorkoutExtension.swift */,
			);
			path = Extensions;
			sourceTree = "<group>";
		};
		78FDA39D2A43CEBE00A0EDF3 /* Helpers */ = {
			isa = PBXGroup;
			children = (
				78A9658B2A946CB700A606A4 /* Functions.swift */,
			);
			path = Helpers;
			sourceTree = "<group>";
		};
/* End PBXGroup section */

/* Begin PBXNativeTarget section */
		78FDA36E2A42983600A0EDF3 /* WorkoutBuilder */ = {
			isa = PBXNativeTarget;
			buildConfigurationList = 78FDA37D2A42983700A0EDF3 /* Build configuration list for PBXNativeTarget "WorkoutBuilder" */;
			buildPhases = (
				78FDA36B2A42983600A0EDF3 /* Sources */,
				78FDA36C2A42983600A0EDF3 /* Frameworks */,
				78FDA36D2A42983600A0EDF3 /* Resources */,
			);
			buildRules = (
			);
			dependencies = (
			);
			name = WorkoutBuilder;
			packageProductDependencies = (
				7801D3B22B6C9871006E81FE /* Algorithms */,
			);
			productName = WorkoutBuilder;
			productReference = 78FDA36F2A42983600A0EDF3 /* WorkoutBuilder.app */;
			productType = "com.apple.product-type.application";
		};
/* End PBXNativeTarget section */

/* Begin PBXProject section */
		78FDA3672A42983600A0EDF3 /* Project object */ = {
			isa = PBXProject;
			attributes = {
				BuildIndependentTargetsInParallel = 1;
				LastSwiftUpdateCheck = 1500;
				LastUpgradeCheck = 1500;
				TargetAttributes = {
					78FDA36E2A42983600A0EDF3 = {
						CreatedOnToolsVersion = 15.0;
					};
				};
			};
			buildConfigurationList = 78FDA36A2A42983600A0EDF3 /* Build configuration list for PBXProject "WorkoutBuilder" */;
			compatibilityVersion = "Xcode 14.0";
			developmentRegion = en;
			hasScannedForEncodings = 0;
			knownRegions = (
				en,
				Base,
			);
			mainGroup = 78FDA3662A42983600A0EDF3;
			packageReferences = (
				7801D3B12B6C9871006E81FE /* XCRemoteSwiftPackageReference "swift-algorithms" */,
			);
			productRefGroup = 78FDA3702A42983600A0EDF3 /* Products */;
			projectDirPath = "";
			projectRoot = "";
			targets = (
				78FDA36E2A42983600A0EDF3 /* WorkoutBuilder */,
			);
		};
/* End PBXProject section */

/* Begin PBXResourcesBuildPhase section */
		78FDA36D2A42983600A0EDF3 /* Resources */ = {
			isa = PBXResourcesBuildPhase;
			buildActionMask = 2147483647;
			files = (
				78FDA37A2A42983700A0EDF3 /* Preview Assets.xcassets in Resources */,
				78FDA3772A42983700A0EDF3 /* Assets.xcassets in Resources */,
			);
			runOnlyForDeploymentPostprocessing = 0;
		};
/* End PBXResourcesBuildPhase section */

/* Begin PBXSourcesBuildPhase section */
		78FDA36B2A42983600A0EDF3 /* Sources */ = {
			isa = PBXSourcesBuildPhase;
			buildActionMask = 2147483647;
			files = (
				78FDA3902A43BDE200A0EDF3 /* IntervalBlockExtensions.swift in Sources */,
				7801D3ED2B7EEAB4006E81FE /* UnitExtensions.swift in Sources */,
				7801D3B72B6DE547006E81FE /* LocationSelection.swift in Sources */,
				7801D3E82B7EAFFE006E81FE /* WorkoutAlertExtensions.swift in Sources */,
				78FDA3872A43580700A0EDF3 /* WorkoutStepView.swift in Sources */,
				7801D3B52B6C9C41006E81FE /* StringExtension.swift in Sources */,
				7801D3EF2B7EF1B1006E81FE /* NumberFormatterExtension.swift in Sources */,
				78A9658C2A946CB700A606A4 /* Functions.swift in Sources */,
				7801D3E62B7EAFE0006E81FE /* DimensionExtensions.swift in Sources */,
				7801D3AE2B6C92CA006E81FE /* ActivitySelection.swift in Sources */,
				78FDA3752A42983600A0EDF3 /* ContentView.swift in Sources */,
				782F77962B805C5F002CDF2A /* CustomWorkoutExtension.swift in Sources */,
				78A965872A9441D500A606A4 /* WorkoutGoalSection.swift in Sources */,
				78FDA38E2A435F1500A0EDF3 /* OldIntervalBlockView.swift in Sources */,
				78B1E5802A46B30C00F17999 /* HKWorkoutActivityType.swift in Sources */,
				78FDA3992A43CC8100A0EDF3 /* WorkoutGoalExtension.swift in Sources */,
				78FDA3972A43CB9000A0EDF3 /* IntervalStepExtension.swift in Sources */,
				78FDA3932A43C36800A0EDF3 /* BlockStepView.swift in Sources */,
				78FDA3732A42983600A0EDF3 /* WorkoutBuilderApp.swift in Sources */,
				78B1E5822A46B8BF00F17999 /* HKWorkoutSessionLocationType.swift in Sources */,
				78A9658A2A94491000A606A4 /* WorkoutAlertSection.swift in Sources */,
			);
			runOnlyForDeploymentPostprocessing = 0;
		};
/* End PBXSourcesBuildPhase section */

/* Begin XCBuildConfiguration section */
		78FDA37B2A42983700A0EDF3 /* Debug */ = {
			isa = XCBuildConfiguration;
			buildSettings = {
				ALWAYS_SEARCH_USER_PATHS = NO;
				ASSETCATALOG_COMPILER_GENERATE_SWIFT_ASSET_SYMBOL_EXTENSIONS = YES;
				CLANG_ANALYZER_NONNULL = YES;
				CLANG_ANALYZER_NUMBER_OBJECT_CONVERSION = YES_AGGRESSIVE;
				CLANG_CXX_LANGUAGE_STANDARD = "gnu++20";
				CLANG_ENABLE_MODULES = YES;
				CLANG_ENABLE_OBJC_ARC = YES;
				CLANG_ENABLE_OBJC_WEAK = YES;
				CLANG_WARN_BLOCK_CAPTURE_AUTORELEASING = YES;
				CLANG_WARN_BOOL_CONVERSION = YES;
				CLANG_WARN_COMMA = YES;
				CLANG_WARN_CONSTANT_CONVERSION = YES;
				CLANG_WARN_DEPRECATED_OBJC_IMPLEMENTATIONS = YES;
				CLANG_WARN_DIRECT_OBJC_ISA_USAGE = YES_ERROR;
				CLANG_WARN_DOCUMENTATION_COMMENTS = YES;
				CLANG_WARN_EMPTY_BODY = YES;
				CLANG_WARN_ENUM_CONVERSION = YES;
				CLANG_WARN_INFINITE_RECURSION = YES;
				CLANG_WARN_INT_CONVERSION = YES;
				CLANG_WARN_NON_LITERAL_NULL_CONVERSION = YES;
				CLANG_WARN_OBJC_IMPLICIT_RETAIN_SELF = YES;
				CLANG_WARN_OBJC_LITERAL_CONVERSION = YES;
				CLANG_WARN_OBJC_ROOT_CLASS = YES_ERROR;
				CLANG_WARN_QUOTED_INCLUDE_IN_FRAMEWORK_HEADER = YES;
				CLANG_WARN_RANGE_LOOP_ANALYSIS = YES;
				CLANG_WARN_STRICT_PROTOTYPES = YES;
				CLANG_WARN_SUSPICIOUS_MOVE = YES;
				CLANG_WARN_UNGUARDED_AVAILABILITY = YES_AGGRESSIVE;
				CLANG_WARN_UNREACHABLE_CODE = YES;
				CLANG_WARN__DUPLICATE_METHOD_MATCH = YES;
				COPY_PHASE_STRIP = NO;
				DEBUG_INFORMATION_FORMAT = dwarf;
				ENABLE_STRICT_OBJC_MSGSEND = YES;
				ENABLE_TESTABILITY = YES;
				ENABLE_USER_SCRIPT_SANDBOXING = YES;
				GCC_C_LANGUAGE_STANDARD = gnu17;
				GCC_DYNAMIC_NO_PIC = NO;
				GCC_NO_COMMON_BLOCKS = YES;
				GCC_OPTIMIZATION_LEVEL = 0;
				GCC_PREPROCESSOR_DEFINITIONS = (
					"DEBUG=1",
					"$(inherited)",
				);
				GCC_WARN_64_TO_32_BIT_CONVERSION = YES;
				GCC_WARN_ABOUT_RETURN_TYPE = YES_ERROR;
				GCC_WARN_UNDECLARED_SELECTOR = YES;
				GCC_WARN_UNINITIALIZED_AUTOS = YES_AGGRESSIVE;
				GCC_WARN_UNUSED_FUNCTION = YES;
				GCC_WARN_UNUSED_VARIABLE = YES;
				IPHONEOS_DEPLOYMENT_TARGET = 17.0;
				LOCALIZATION_PREFERS_STRING_CATALOGS = YES;
				MTL_ENABLE_DEBUG_INFO = INCLUDE_SOURCE;
				MTL_FAST_MATH = YES;
				ONLY_ACTIVE_ARCH = YES;
				SDKROOT = iphoneos;
				SWIFT_ACTIVE_COMPILATION_CONDITIONS = "DEBUG $(inherited)";
				SWIFT_OPTIMIZATION_LEVEL = "-Onone";
			};
			name = Debug;
		};
		78FDA37C2A42983700A0EDF3 /* Release */ = {
			isa = XCBuildConfiguration;
			buildSettings = {
				ALWAYS_SEARCH_USER_PATHS = NO;
				ASSETCATALOG_COMPILER_GENERATE_SWIFT_ASSET_SYMBOL_EXTENSIONS = YES;
				CLANG_ANALYZER_NONNULL = YES;
				CLANG_ANALYZER_NUMBER_OBJECT_CONVERSION = YES_AGGRESSIVE;
				CLANG_CXX_LANGUAGE_STANDARD = "gnu++20";
				CLANG_ENABLE_MODULES = YES;
				CLANG_ENABLE_OBJC_ARC = YES;
				CLANG_ENABLE_OBJC_WEAK = YES;
				CLANG_WARN_BLOCK_CAPTURE_AUTORELEASING = YES;
				CLANG_WARN_BOOL_CONVERSION = YES;
				CLANG_WARN_COMMA = YES;
				CLANG_WARN_CONSTANT_CONVERSION = YES;
				CLANG_WARN_DEPRECATED_OBJC_IMPLEMENTATIONS = YES;
				CLANG_WARN_DIRECT_OBJC_ISA_USAGE = YES_ERROR;
				CLANG_WARN_DOCUMENTATION_COMMENTS = YES;
				CLANG_WARN_EMPTY_BODY = YES;
				CLANG_WARN_ENUM_CONVERSION = YES;
				CLANG_WARN_INFINITE_RECURSION = YES;
				CLANG_WARN_INT_CONVERSION = YES;
				CLANG_WARN_NON_LITERAL_NULL_CONVERSION = YES;
				CLANG_WARN_OBJC_IMPLICIT_RETAIN_SELF = YES;
				CLANG_WARN_OBJC_LITERAL_CONVERSION = YES;
				CLANG_WARN_OBJC_ROOT_CLASS = YES_ERROR;
				CLANG_WARN_QUOTED_INCLUDE_IN_FRAMEWORK_HEADER = YES;
				CLANG_WARN_RANGE_LOOP_ANALYSIS = YES;
				CLANG_WARN_STRICT_PROTOTYPES = YES;
				CLANG_WARN_SUSPICIOUS_MOVE = YES;
				CLANG_WARN_UNGUARDED_AVAILABILITY = YES_AGGRESSIVE;
				CLANG_WARN_UNREACHABLE_CODE = YES;
				CLANG_WARN__DUPLICATE_METHOD_MATCH = YES;
				COPY_PHASE_STRIP = NO;
				DEBUG_INFORMATION_FORMAT = "dwarf-with-dsym";
				ENABLE_NS_ASSERTIONS = NO;
				ENABLE_STRICT_OBJC_MSGSEND = YES;
				ENABLE_USER_SCRIPT_SANDBOXING = YES;
				GCC_C_LANGUAGE_STANDARD = gnu17;
				GCC_NO_COMMON_BLOCKS = YES;
				GCC_WARN_64_TO_32_BIT_CONVERSION = YES;
				GCC_WARN_ABOUT_RETURN_TYPE = YES_ERROR;
				GCC_WARN_UNDECLARED_SELECTOR = YES;
				GCC_WARN_UNINITIALIZED_AUTOS = YES_AGGRESSIVE;
				GCC_WARN_UNUSED_FUNCTION = YES;
				GCC_WARN_UNUSED_VARIABLE = YES;
				IPHONEOS_DEPLOYMENT_TARGET = 17.0;
				LOCALIZATION_PREFERS_STRING_CATALOGS = YES;
				MTL_ENABLE_DEBUG_INFO = NO;
				MTL_FAST_MATH = YES;
				SDKROOT = iphoneos;
				SWIFT_COMPILATION_MODE = wholemodule;
				VALIDATE_PRODUCT = YES;
			};
			name = Release;
		};
		78FDA37E2A42983700A0EDF3 /* Debug */ = {
			isa = XCBuildConfiguration;
			buildSettings = {
				ASSETCATALOG_COMPILER_APPICON_NAME = AppIcon;
				ASSETCATALOG_COMPILER_GLOBAL_ACCENT_COLOR_NAME = AccentColor;
				CODE_SIGN_STYLE = Automatic;
				CURRENT_PROJECT_VERSION = 1;
				DEVELOPMENT_ASSET_PATHS = "\"WorkoutBuilder/Preview Content\"";
				DEVELOPMENT_TEAM = 294N3Z42G5;
				ENABLE_PREVIEWS = YES;
				GENERATE_INFOPLIST_FILE = YES;
				INFOPLIST_KEY_UIApplicationSceneManifest_Generation = YES;
				INFOPLIST_KEY_UIApplicationSupportsIndirectInputEvents = YES;
				INFOPLIST_KEY_UILaunchScreen_Generation = YES;
				INFOPLIST_KEY_UISupportedInterfaceOrientations_iPad = "UIInterfaceOrientationPortrait UIInterfaceOrientationPortraitUpsideDown UIInterfaceOrientationLandscapeLeft UIInterfaceOrientationLandscapeRight";
				INFOPLIST_KEY_UISupportedInterfaceOrientations_iPhone = "UIInterfaceOrientationPortrait UIInterfaceOrientationLandscapeLeft UIInterfaceOrientationLandscapeRight";
				LD_RUNPATH_SEARCH_PATHS = (
					"$(inherited)",
					"@executable_path/Frameworks",
				);
				MARKETING_VERSION = 1.0;
				PRODUCT_BUNDLE_IDENTIFIER = com.gabrielzawalski.WorkoutBuilder;
				PRODUCT_NAME = "$(TARGET_NAME)";
				SWIFT_EMIT_LOC_STRINGS = YES;
				SWIFT_VERSION = 5.0;
				TARGETED_DEVICE_FAMILY = "1,2";
			};
			name = Debug;
		};
		78FDA37F2A42983700A0EDF3 /* Release */ = {
			isa = XCBuildConfiguration;
			buildSettings = {
				ASSETCATALOG_COMPILER_APPICON_NAME = AppIcon;
				ASSETCATALOG_COMPILER_GLOBAL_ACCENT_COLOR_NAME = AccentColor;
				CODE_SIGN_STYLE = Automatic;
				CURRENT_PROJECT_VERSION = 1;
				DEVELOPMENT_ASSET_PATHS = "\"WorkoutBuilder/Preview Content\"";
				DEVELOPMENT_TEAM = 294N3Z42G5;
				ENABLE_PREVIEWS = YES;
				GENERATE_INFOPLIST_FILE = YES;
				INFOPLIST_KEY_UIApplicationSceneManifest_Generation = YES;
				INFOPLIST_KEY_UIApplicationSupportsIndirectInputEvents = YES;
				INFOPLIST_KEY_UILaunchScreen_Generation = YES;
				INFOPLIST_KEY_UISupportedInterfaceOrientations_iPad = "UIInterfaceOrientationPortrait UIInterfaceOrientationPortraitUpsideDown UIInterfaceOrientationLandscapeLeft UIInterfaceOrientationLandscapeRight";
				INFOPLIST_KEY_UISupportedInterfaceOrientations_iPhone = "UIInterfaceOrientationPortrait UIInterfaceOrientationLandscapeLeft UIInterfaceOrientationLandscapeRight";
				LD_RUNPATH_SEARCH_PATHS = (
					"$(inherited)",
					"@executable_path/Frameworks",
				);
				MARKETING_VERSION = 1.0;
				PRODUCT_BUNDLE_IDENTIFIER = com.gabrielzawalski.WorkoutBuilder;
				PRODUCT_NAME = "$(TARGET_NAME)";
				SWIFT_EMIT_LOC_STRINGS = YES;
				SWIFT_VERSION = 5.0;
				TARGETED_DEVICE_FAMILY = "1,2";
			};
			name = Release;
		};
/* End XCBuildConfiguration section */

/* Begin XCConfigurationList section */
		78FDA36A2A42983600A0EDF3 /* Build configuration list for PBXProject "WorkoutBuilder" */ = {
			isa = XCConfigurationList;
			buildConfigurations = (
				78FDA37B2A42983700A0EDF3 /* Debug */,
				78FDA37C2A42983700A0EDF3 /* Release */,
			);
			defaultConfigurationIsVisible = 0;
			defaultConfigurationName = Release;
		};
		78FDA37D2A42983700A0EDF3 /* Build configuration list for PBXNativeTarget "WorkoutBuilder" */ = {
			isa = XCConfigurationList;
			buildConfigurations = (
				78FDA37E2A42983700A0EDF3 /* Debug */,
				78FDA37F2A42983700A0EDF3 /* Release */,
			);
			defaultConfigurationIsVisible = 0;
			defaultConfigurationName = Release;
		};
/* End XCConfigurationList section */

/* Begin XCRemoteSwiftPackageReference section */
		7801D3B12B6C9871006E81FE /* XCRemoteSwiftPackageReference "swift-algorithms" */ = {
			isa = XCRemoteSwiftPackageReference;
			repositoryURL = "https://github.com/apple/swift-algorithms";
			requirement = {
				kind = upToNextMajorVersion;
				minimumVersion = 1.2.0;
			};
		};
/* End XCRemoteSwiftPackageReference section */

/* Begin XCSwiftPackageProductDependency section */
		7801D3B22B6C9871006E81FE /* Algorithms */ = {
			isa = XCSwiftPackageProductDependency;
			package = 7801D3B12B6C9871006E81FE /* XCRemoteSwiftPackageReference "swift-algorithms" */;
			productName = Algorithms;
		};
/* End XCSwiftPackageProductDependency section */
	};
	rootObject = 78FDA3672A42983600A0EDF3 /* Project object */;
}
